
Microsoft Visual Studio Solution File, Format Version 12.00
# Visual Studio Version 16
VisualStudioVersion = 25.0.1706.7
MinimumVisualStudioVersion = 10.0.40219.1
Project("{FAE04EC0-301F-11D3-BF4B-00C04F79EFBC}") = "TaskEvents", "TaskEvents.csproj", "{0C95D90F-91E7-4FA5-94AE-E2662B7AF40F}"
EndProject
Global
	GlobalSection(SolutionConfigurationPlatforms) = preSolution
		Debug|Any CPU = Debug|Any CPU
		Release|Any CPU = Release|Any CPU
	EndGlobalSection
	GlobalSection(ProjectConfigurationPlatforms) = postSolution
		{0C95D90F-91E7-4FA5-94AE-E2662B7AF40F}.Debug|Any CPU.ActiveCfg = Debug|Any CPU
		{0C95D90F-91E7-4FA5-94AE-E2662B7AF40F}.Debug|Any CPU.Build.0 = Debug|Any CPU
		{0C95D90F-91E7-4FA5-94AE-E2662B7AF40F}.Release|Any CPU.ActiveCfg = Release|Any CPU
		{0C95D90F-91E7-4FA5-94AE-E2662B7AF40F}.Release|Any CPU.Build.0 = Release|Any CPU
	EndGlobalSection
	GlobalSection(SolutionProperties) = preSolution
		HideSolutionNode = FALSE
	EndGlobalSection
	GlobalSection(ExtensibilityGlobals) = postSolution
		SolutionGuid = {0AA109BF-2B7A-4216-9431-6490FD22A1AD}
	EndGlobalSection
EndGlobal
